
Microsoft Visual Studio Solution File, Format Version 12.00
# Visual Studio Version 17
VisualStudioVersion = 17.1.32210.238
MinimumVisualStudioVersion = 10.0.40219.1
Project("{2150E333-8FDC-42A3-9474-1A3956D46DE8}") = "00-Solution Items", "00-Solution Items", "{B8BA42D9-A2DF-40BF-B624-76408CEBE788}"
	ProjectSection(SolutionItems) = preProject
		azure-pipelines.yml = azure-pipelines.yml
		azurepipelines-coverage.yml = azurepipelines-coverage.yml
		IronClanStudios.Api.nswag = IronClanStudios.Api.nswag
		README.md = README.md
	EndProjectSection
EndProject
Project("{2150E333-8FDC-42A3-9474-1A3956D46DE8}") = "01-Muscle", "01-Muscle", "{9C72F87D-35AD-4FE5-ACAC-4EAF0D6AC5C3}"
EndProject
Project("{2150E333-8FDC-42A3-9474-1A3956D46DE8}") = "10-Injury", "10-Injury", "{0371D577-E8A6-4684-BA2D-07C22896C94D}"
EndProject
Project("{2150E333-8FDC-42A3-9474-1A3956D46DE8}") = "03-Exercise", "03-Exercise", "{C753172D-09D4-4D1B-ADFE-A075747CD9E5}"
EndProject
Project("{2150E333-8FDC-42A3-9474-1A3956D46DE8}") = "02-Equipment", "02-Equipment", "{D8960C10-1940-4870-BD25-D52FA08F8CD5}"
EndProject
Project("{9A19103F-16F7-4668-BE54-9A1E7A4F7556}") = "IronClanStudios.Api", "IronClanStudios.Api\IronClanStudios.Api.csproj", "{849CE210-3266-460B-90D6-D9F76B010FAC}"
EndProject
Project("{2150E333-8FDC-42A3-9474-1A3956D46DE8}") = "05-Application", "05-Application", "{6AFACD3F-3C84-43B7-A303-291B9A4FD4B3}"
EndProject
Project("{2150E333-8FDC-42A3-9474-1A3956D46DE8}") = "04-Service", "04-Service", "{098D3510-3FDE-445E-B87A-26F761917AF0}"
EndProject
Project("{2150E333-8FDC-42A3-9474-1A3956D46DE8}") = "01-Core", "01-Core", "{25F1EFCF-F849-455D-A677-AED1C9D73993}"
EndProject
Project("{2150E333-8FDC-42A3-9474-1A3956D46DE8}") = "03-Infrastructure", "03-Infrastructure", "{0049E583-F796-4FA0-8F26-96AA91A646D0}"
EndProject
Project("{2150E333-8FDC-42A3-9474-1A3956D46DE8}") = "03-Infrastructure", "03-Infrastructure", "{68405965-5778-4722-921F-75F21DEEEB1E}"
EndProject
Project("{2150E333-8FDC-42A3-9474-1A3956D46DE8}") = "01-Entity", "01-Entity", "{A780F1CD-030B-4FA6-994C-338CB88FCFE6}"
EndProject
Project("{9A19103F-16F7-4668-BE54-9A1E7A4F7556}") = "Injury.Entity", "Injury.Entity\Injury.Entity.csproj", "{E55148E9-40A3-4B27-889D-2E2BE2AA6C08}"
EndProject
Project("{2150E333-8FDC-42A3-9474-1A3956D46DE8}") = "05-Application", "05-Application", "{AF7D78DE-1BC5-4CD5-B5C9-95FC48201D21}"
EndProject
Project("{2150E333-8FDC-42A3-9474-1A3956D46DE8}") = "02-Mapping", "02-Mapping", "{75B9442D-6C9C-4953-B1AE-D804421E8235}"
EndProject
Project("{2150E333-8FDC-42A3-9474-1A3956D46DE8}") = "04-Service", "04-Service", "{E9562C16-5F73-4391-A370-A509F49DD8FB}"
EndProject
Project("{2150E333-8FDC-42A3-9474-1A3956D46DE8}") = "06-Auth0", "06-Auth0", "{8795CAB4-464F-4F55-B105-F60A83F41B1F}"
EndProject
Project("{2150E333-8FDC-42A3-9474-1A3956D46DE8}") = "05-Application", "05-Application", "{D0BC474E-35E2-4B7A-9CCD-C3C94B1D9C3F}"
EndProject
Project("{2150E333-8FDC-42A3-9474-1A3956D46DE8}") = "01-Core", "01-Core", "{C530B43D-6CAF-46B6-84E6-207DE2413E7B}"
EndProject
Project("{2150E333-8FDC-42A3-9474-1A3956D46DE8}") = "04-Service", "04-Service", "{1B51D152-FB4F-460F-B511-BB35F4728072}"
EndProject
Project("{2150E333-8FDC-42A3-9474-1A3956D46DE8}") = "03-Infrastructure", "03-Infrastructure", "{4050483C-4DC4-48FB-A0CB-91DA8548B01B}"
EndProject
Project("{2150E333-8FDC-42A3-9474-1A3956D46DE8}") = "01-Core", "01-Core", "{5D1C8C3F-55E4-4FC5-83C9-1B257EC2100A}"
EndProject
Project("{9A19103F-16F7-4668-BE54-9A1E7A4F7556}") = "ICS.Core", "Core\ICS.Core\ICS.Core.csproj", "{A17F5499-8F2B-48C7-8CA7-2ACECD841D7D}"
EndProject
Project("{2150E333-8FDC-42A3-9474-1A3956D46DE8}") = "01-Core", "01-Core", "{1A86D9EA-6484-45C5-AE04-71B0888E8940}"
EndProject
Project("{9A19103F-16F7-4668-BE54-9A1E7A4F7556}") = "Muscle.Core", "Muscle\Muscle.Core\Muscle.Core.csproj", "{380DD2AD-A3C7-425A-97AF-CA6E1484205D}"
EndProject
Project("{9A19103F-16F7-4668-BE54-9A1E7A4F7556}") = "Muscle.Mapping", "Muscle\Muscle.Mapping\Muscle.Mapping.csproj", "{EF87FF22-EDD5-455F-A479-4685FB75E330}"
EndProject
Project("{2150E333-8FDC-42A3-9474-1A3956D46DE8}") = "02-Mapping", "02-Mapping", "{ECB762BC-66E3-499E-BEA0-4CBB25BBC11A}"
EndProject
Project("{9A19103F-16F7-4668-BE54-9A1E7A4F7556}") = "Muscle.Service", "Muscle\Muscle.Service\Muscle.Service.csproj", "{E46278F5-5016-40A6-A186-D3BD49B8301F}"
EndProject
Project("{9A19103F-16F7-4668-BE54-9A1E7A4F7556}") = "Muscle.Application", "Muscle\Muscle.Application\Muscle.Application.csproj", "{A4EEE44E-17C7-4DD9-9104-C06B94C8B779}"
EndProject
Project("{9A19103F-16F7-4668-BE54-9A1E7A4F7556}") = "ICS.Unit.Test.Core", "Core\ICS.Unit.Test.Core\ICS.Unit.Test.Core.csproj", "{14F4053D-4611-437F-98BF-110201F192F1}"
EndProject
Project("{2150E333-8FDC-42A3-9474-1A3956D46DE8}") = "06-Tests", "06-Tests", "{80A8841E-9C73-4B64-91B8-FFC847802BE8}"
EndProject
Project("{9A19103F-16F7-4668-BE54-9A1E7A4F7556}") = "Muscle.Unit.Test", "Muscle\Muscle.Unit.Test\Muscle.Unit.Test.csproj", "{BEB494BD-B568-4660-AC53-ADAC14C4E365}"
EndProject
Project("{9A19103F-16F7-4668-BE54-9A1E7A4F7556}") = "Exercise.Core", "Exercise\Exercise.Core\Exercise.Core.csproj", "{AB57D6D6-420F-4684-BF92-83141F4845A1}"
EndProject
Project("{9A19103F-16F7-4668-BE54-9A1E7A4F7556}") = "Exercise.Mapping", "Exercise\Exercise.Mapping\Exercise.Mapping.csproj", "{D1FF82A2-A416-497D-9581-C6A9FD01F49A}"
EndProject
Project("{9A19103F-16F7-4668-BE54-9A1E7A4F7556}") = "Exercise.Infrastructure", "Exercise\Exercise.Infrastructure\Exercise.Infrastructure.csproj", "{A30EF1AC-A1F5-462A-9149-63E02152488E}"
EndProject
Project("{9A19103F-16F7-4668-BE54-9A1E7A4F7556}") = "Exercise.Migration", "Exercise\Exercise.Migration\Exercise.Migration.csproj", "{C80378A2-34E4-4252-8B1A-55FC15178A24}"
EndProject
Project("{9A19103F-16F7-4668-BE54-9A1E7A4F7556}") = "Exercise.Application", "Exercise\Exercise.Application\Exercise.Application.csproj", "{FAA4CD55-E26F-43FE-B547-993ED5290991}"
EndProject
Project("{2150E333-8FDC-42A3-9474-1A3956D46DE8}") = "06-Test", "06-Test", "{DB701F72-8EE9-4F86-A7C4-730A71859527}"
EndProject
Project("{9A19103F-16F7-4668-BE54-9A1E7A4F7556}") = "Exercise.Unit.Test", "Exercise\Exercise.Unit.Test\Exercise.Unit.Test.csproj", "{3DEE5994-162B-457E-AADF-8E886F2281A8}"
EndProject
Project("{9A19103F-16F7-4668-BE54-9A1E7A4F7556}") = "Exercise.Service", "Exercise\Exercise.Service\Exercise.Service.csproj", "{04C32941-4E90-46EE-B5F3-3ECF4D9FF6C4}"
EndProject
Project("{9A19103F-16F7-4668-BE54-9A1E7A4F7556}") = "Auth0.Core", "Auth0\Auth0.Core\Auth0.Core.csproj", "{E0AF4DE2-905D-41FF-8FE2-CB6E45C39814}"
EndProject
Project("{9A19103F-16F7-4668-BE54-9A1E7A4F7556}") = "Auth0.Infrastructure", "Auth0\Auth0.Infrastructure\Auth0.Infrastructure.csproj", "{803EDD03-A8D0-4490-907D-C85F7BEDB5AA}"
EndProject
Project("{9A19103F-16F7-4668-BE54-9A1E7A4F7556}") = "Auth0.Migration", "Auth0\Auth0.Migration\Auth0.Migration.csproj", "{F22E7C65-6BFD-4176-B516-7E4EE2CB28E7}"
EndProject
Project("{9A19103F-16F7-4668-BE54-9A1E7A4F7556}") = "Auth0.Service", "Auth0\Auth0.Service\Auth0.Service.csproj", "{1E7B18FE-6663-4BF5-8588-5EA7F848A50C}"
EndProject
Project("{9A19103F-16F7-4668-BE54-9A1E7A4F7556}") = "Auth0.Application", "Auth0\Auth0.Application\Auth0.Application.csproj", "{6F735A98-696D-4442-A2C4-3EB044ACEBDD}"
EndProject
Project("{2150E333-8FDC-42A3-9474-1A3956D46DE8}") = "01-Core", "01-Core", "{6B92C342-3389-487E-9A23-1E57023AE628}"
EndProject
Project("{9A19103F-16F7-4668-BE54-9A1E7A4F7556}") = "Equipment.Core", "Equipment\Equipment.Core\Equipment.Core.csproj", "{7845965A-5B0E-4DA6-A5A7-D3A617EC9CBA}"
EndProject
Project("{2150E333-8FDC-42A3-9474-1A3956D46DE8}") = "04-Service", "04-Service", "{07BE5784-6B49-4A44-A899-24F1E89BBBAD}"
EndProject
Project("{9A19103F-16F7-4668-BE54-9A1E7A4F7556}") = "Equipment.Service", "Equipment\Equipment.Service\Equipment.Service.csproj", "{4D111532-4016-45BE-B41E-4B5527ADED69}"
EndProject
Project("{2150E333-8FDC-42A3-9474-1A3956D46DE8}") = "02-Mapping", "02-Mapping", "{6D73E8B8-B0D2-4EBF-8575-F2F4562458BC}"
EndProject
Project("{9A19103F-16F7-4668-BE54-9A1E7A4F7556}") = "Equipment.Mapping", "Equipment\Equipment.Mapping\Equipment.Mapping.csproj", "{BE4F68C4-7A2A-495A-966D-FC767AE528E5}"
EndProject
Project("{9A19103F-16F7-4668-BE54-9A1E7A4F7556}") = "Equipment.Infrastructure", "Equipment\Equipment.Infrastructure\Equipment.Infrastructure.csproj", "{9635BE79-8031-44A9-974B-C9E375AED559}"
EndProject
Project("{9A19103F-16F7-4668-BE54-9A1E7A4F7556}") = "Equipment.Migration", "Equipment\Equipment.Migration\Equipment.Migration.csproj", "{C5D37723-6A67-40C0-880C-CF10B3E8A034}"
EndProject
Project("{2150E333-8FDC-42A3-9474-1A3956D46DE8}") = "05-Application", "05-Application", "{8A3CEEEF-7BBE-40BB-99A5-B48D08566FE3}"
EndProject
Project("{9A19103F-16F7-4668-BE54-9A1E7A4F7556}") = "Equipment.Application", "Equipment\Equipment.Application\Equipment.Application.csproj", "{7A4AF93C-34BF-4AB5-A052-673C0B42F66E}"
EndProject
Project("{2150E333-8FDC-42A3-9474-1A3956D46DE8}") = "03-Infrastructure", "03-Infrastructure", "{DFF1B197-1360-49F7-91B8-05786781089F}"
EndProject
Project("{9A19103F-16F7-4668-BE54-9A1E7A4F7556}") = "Muscle.Infrastructure", "Muscle\Muscle.Infrastructure\Muscle.Infrastructure.csproj", "{D4637274-368B-4FD6-9955-CED79EF408C7}"
EndProject
Project("{9A19103F-16F7-4668-BE54-9A1E7A4F7556}") = "Muscle.Migration", "Muscle\Muscle.Migration\Muscle.Migration.csproj", "{D48F1EE1-069A-4AFA-B382-C0429A20371B}"
EndProject
Project("{2150E333-8FDC-42A3-9474-1A3956D46DE8}") = "06-Tests", "06-Tests", "{AECF6F3A-7601-44A3-9679-CB87340AC341}"
EndProject
Project("{9A19103F-16F7-4668-BE54-9A1E7A4F7556}") = "Equipment.Unit.Test", "Equipment\Equipment.Unit.Test\Equipment.Unit.Test.csproj", "{473B2310-793A-431A-9D40-80BCB4E679D7}"
EndProject
Project("{2150E333-8FDC-42A3-9474-1A3956D46DE8}") = "06-Tests", "06-Tests", "{424AB793-4FA6-4119-9E4C-CEFF99438512}"
EndProject
Project("{9A19103F-16F7-4668-BE54-9A1E7A4F7556}") = "Auth0.Unit.Test", "Auth0\Auth0.Unit.Test\Auth0.Unit.Test.csproj", "{FC1460A9-DCAA-4BC9-8F4A-966FA6E8345D}"
EndProject
Project("{2150E333-8FDC-42A3-9474-1A3956D46DE8}") = "07-Workout", "07-Workout", "{C82F4559-2CFF-483D-AE25-257CECBD3306}"
EndProject
Project("{2150E333-8FDC-42A3-9474-1A3956D46DE8}") = "01-Core", "01-Core", "{E1243763-143C-4510-96FD-1B742919E182}"
EndProject
Project("{9A19103F-16F7-4668-BE54-9A1E7A4F7556}") = "Workout.Core", "Workout\Workout.Core\Workout.Core.csproj", "{B3A4AB59-457D-4C0C-A1FF-8B48690CE623}"
EndProject
Project("{2150E333-8FDC-42A3-9474-1A3956D46DE8}") = "03-Infrastructure", "03-Infrastructure", "{0749419F-10A3-4613-B37E-F845AE81B08C}"
EndProject
Project("{9A19103F-16F7-4668-BE54-9A1E7A4F7556}") = "Workout.Infrastructure", "Workout\Workout.Infrastructure\Workout.Infrastructure.csproj", "{654CD548-89D5-443C-AE9E-EFB27795524A}"
EndProject
Project("{9A19103F-16F7-4668-BE54-9A1E7A4F7556}") = "Workout.Migration", "Workout\Workout.Migration\Workout.Migration.csproj", "{CE5114DF-A725-4B16-8949-14B619262ED4}"
EndProject
Project("{2150E333-8FDC-42A3-9474-1A3956D46DE8}") = "04-Service", "04-Service", "{D21B32BF-3F1D-4138-AC16-30EF34E8FBB7}"
EndProject
Project("{9A19103F-16F7-4668-BE54-9A1E7A4F7556}") = "Workout.Service", "Workout\Workout.Service\Workout.Service.csproj", "{EB943A13-41D6-4711-B02C-E3342C8467EA}"
EndProject
Project("{2150E333-8FDC-42A3-9474-1A3956D46DE8}") = "05-Application", "05-Application", "{0A669411-9887-461B-8CA8-DB276F302092}"
EndProject
Project("{9A19103F-16F7-4668-BE54-9A1E7A4F7556}") = "Workout.Application", "Workout\Workout.Application\Workout.Application.csproj", "{95E832F2-D88A-402B-8F42-58C8D2AF0ACC}"
EndProject
Project("{2150E333-8FDC-42A3-9474-1A3956D46DE8}") = "06-Test", "06-Test", "{A198D219-6338-4082-8D8E-7481C5955388}"
EndProject
Project("{9A19103F-16F7-4668-BE54-9A1E7A4F7556}") = "Workout.Unit.Test", "Workout\Workout.Unit.Test\Workout.Unit.Test.csproj", "{60A9ED79-E661-4AD7-9700-A45D0A59EB10}"
EndProject
Project("{2150E333-8FDC-42A3-9474-1A3956D46DE8}") = "00-Actions", "00-Actions", "{63CB771F-958A-49DA-992B-1B4B42C50928}"
EndProject
Project("{9A19103F-16F7-4668-BE54-9A1E7A4F7556}") = "Auth0.Actions", "Auth0\Auth0.Actions\Auth0.Actions.csproj", "{1DA8B68F-8B9C-4F87-B47E-22DF8840474C}"
EndProject
Project("{FAE04EC0-301F-11D3-BF4B-00C04F79EFBC}") = "Workout.Integration.Test", "Workout\Workout.Integration.Test\Workout.Integration.Test.csproj", "{1E3E036F-3D82-4A91-9E69-F14E20D61A02}"
EndProject
Global
	GlobalSection(SolutionConfigurationPlatforms) = preSolution
		Debug|Any CPU = Debug|Any CPU
		Release|Any CPU = Release|Any CPU
	EndGlobalSection
	GlobalSection(ProjectConfigurationPlatforms) = postSolution
		{849CE210-3266-460B-90D6-D9F76B010FAC}.Debug|Any CPU.ActiveCfg = Debug|Any CPU
		{849CE210-3266-460B-90D6-D9F76B010FAC}.Debug|Any CPU.Build.0 = Debug|Any CPU
		{849CE210-3266-460B-90D6-D9F76B010FAC}.Release|Any CPU.ActiveCfg = Release|Any CPU
		{849CE210-3266-460B-90D6-D9F76B010FAC}.Release|Any CPU.Build.0 = Release|Any CPU
		{E55148E9-40A3-4B27-889D-2E2BE2AA6C08}.Debug|Any CPU.ActiveCfg = Debug|Any CPU
		{E55148E9-40A3-4B27-889D-2E2BE2AA6C08}.Debug|Any CPU.Build.0 = Debug|Any CPU
		{E55148E9-40A3-4B27-889D-2E2BE2AA6C08}.Release|Any CPU.ActiveCfg = Release|Any CPU
		{E55148E9-40A3-4B27-889D-2E2BE2AA6C08}.Release|Any CPU.Build.0 = Release|Any CPU
		{A17F5499-8F2B-48C7-8CA7-2ACECD841D7D}.Debug|Any CPU.ActiveCfg = Debug|Any CPU
		{A17F5499-8F2B-48C7-8CA7-2ACECD841D7D}.Debug|Any CPU.Build.0 = Debug|Any CPU
		{A17F5499-8F2B-48C7-8CA7-2ACECD841D7D}.Release|Any CPU.ActiveCfg = Release|Any CPU
		{A17F5499-8F2B-48C7-8CA7-2ACECD841D7D}.Release|Any CPU.Build.0 = Release|Any CPU
		{380DD2AD-A3C7-425A-97AF-CA6E1484205D}.Debug|Any CPU.ActiveCfg = Debug|Any CPU
		{380DD2AD-A3C7-425A-97AF-CA6E1484205D}.Debug|Any CPU.Build.0 = Debug|Any CPU
		{380DD2AD-A3C7-425A-97AF-CA6E1484205D}.Release|Any CPU.ActiveCfg = Release|Any CPU
		{380DD2AD-A3C7-425A-97AF-CA6E1484205D}.Release|Any CPU.Build.0 = Release|Any CPU
		{EF87FF22-EDD5-455F-A479-4685FB75E330}.Debug|Any CPU.ActiveCfg = Debug|Any CPU
		{EF87FF22-EDD5-455F-A479-4685FB75E330}.Debug|Any CPU.Build.0 = Debug|Any CPU
		{EF87FF22-EDD5-455F-A479-4685FB75E330}.Release|Any CPU.ActiveCfg = Release|Any CPU
		{EF87FF22-EDD5-455F-A479-4685FB75E330}.Release|Any CPU.Build.0 = Release|Any CPU
		{E46278F5-5016-40A6-A186-D3BD49B8301F}.Debug|Any CPU.ActiveCfg = Debug|Any CPU
		{E46278F5-5016-40A6-A186-D3BD49B8301F}.Debug|Any CPU.Build.0 = Debug|Any CPU
		{E46278F5-5016-40A6-A186-D3BD49B8301F}.Release|Any CPU.ActiveCfg = Release|Any CPU
		{E46278F5-5016-40A6-A186-D3BD49B8301F}.Release|Any CPU.Build.0 = Release|Any CPU
		{A4EEE44E-17C7-4DD9-9104-C06B94C8B779}.Debug|Any CPU.ActiveCfg = Debug|Any CPU
		{A4EEE44E-17C7-4DD9-9104-C06B94C8B779}.Debug|Any CPU.Build.0 = Debug|Any CPU
		{A4EEE44E-17C7-4DD9-9104-C06B94C8B779}.Release|Any CPU.ActiveCfg = Release|Any CPU
		{A4EEE44E-17C7-4DD9-9104-C06B94C8B779}.Release|Any CPU.Build.0 = Release|Any CPU
		{14F4053D-4611-437F-98BF-110201F192F1}.Debug|Any CPU.ActiveCfg = Debug|Any CPU
		{14F4053D-4611-437F-98BF-110201F192F1}.Debug|Any CPU.Build.0 = Debug|Any CPU
		{14F4053D-4611-437F-98BF-110201F192F1}.Release|Any CPU.ActiveCfg = Release|Any CPU
		{14F4053D-4611-437F-98BF-110201F192F1}.Release|Any CPU.Build.0 = Release|Any CPU
		{BEB494BD-B568-4660-AC53-ADAC14C4E365}.Debug|Any CPU.ActiveCfg = Debug|Any CPU
		{BEB494BD-B568-4660-AC53-ADAC14C4E365}.Debug|Any CPU.Build.0 = Debug|Any CPU
		{BEB494BD-B568-4660-AC53-ADAC14C4E365}.Release|Any CPU.ActiveCfg = Release|Any CPU
		{BEB494BD-B568-4660-AC53-ADAC14C4E365}.Release|Any CPU.Build.0 = Release|Any CPU
		{AB57D6D6-420F-4684-BF92-83141F4845A1}.Debug|Any CPU.ActiveCfg = Debug|Any CPU
		{AB57D6D6-420F-4684-BF92-83141F4845A1}.Debug|Any CPU.Build.0 = Debug|Any CPU
		{AB57D6D6-420F-4684-BF92-83141F4845A1}.Release|Any CPU.ActiveCfg = Release|Any CPU
		{AB57D6D6-420F-4684-BF92-83141F4845A1}.Release|Any CPU.Build.0 = Release|Any CPU
		{D1FF82A2-A416-497D-9581-C6A9FD01F49A}.Debug|Any CPU.ActiveCfg = Debug|Any CPU
		{D1FF82A2-A416-497D-9581-C6A9FD01F49A}.Debug|Any CPU.Build.0 = Debug|Any CPU
		{D1FF82A2-A416-497D-9581-C6A9FD01F49A}.Release|Any CPU.ActiveCfg = Release|Any CPU
		{D1FF82A2-A416-497D-9581-C6A9FD01F49A}.Release|Any CPU.Build.0 = Release|Any CPU
		{A30EF1AC-A1F5-462A-9149-63E02152488E}.Debug|Any CPU.ActiveCfg = Debug|Any CPU
		{A30EF1AC-A1F5-462A-9149-63E02152488E}.Debug|Any CPU.Build.0 = Debug|Any CPU
		{A30EF1AC-A1F5-462A-9149-63E02152488E}.Release|Any CPU.ActiveCfg = Release|Any CPU
		{A30EF1AC-A1F5-462A-9149-63E02152488E}.Release|Any CPU.Build.0 = Release|Any CPU
		{C80378A2-34E4-4252-8B1A-55FC15178A24}.Debug|Any CPU.ActiveCfg = Debug|Any CPU
		{C80378A2-34E4-4252-8B1A-55FC15178A24}.Debug|Any CPU.Build.0 = Debug|Any CPU
		{C80378A2-34E4-4252-8B1A-55FC15178A24}.Release|Any CPU.ActiveCfg = Release|Any CPU
		{C80378A2-34E4-4252-8B1A-55FC15178A24}.Release|Any CPU.Build.0 = Release|Any CPU
		{FAA4CD55-E26F-43FE-B547-993ED5290991}.Debug|Any CPU.ActiveCfg = Debug|Any CPU
		{FAA4CD55-E26F-43FE-B547-993ED5290991}.Debug|Any CPU.Build.0 = Debug|Any CPU
		{FAA4CD55-E26F-43FE-B547-993ED5290991}.Release|Any CPU.ActiveCfg = Release|Any CPU
		{FAA4CD55-E26F-43FE-B547-993ED5290991}.Release|Any CPU.Build.0 = Release|Any CPU
		{3DEE5994-162B-457E-AADF-8E886F2281A8}.Debug|Any CPU.ActiveCfg = Debug|Any CPU
		{3DEE5994-162B-457E-AADF-8E886F2281A8}.Debug|Any CPU.Build.0 = Debug|Any CPU
		{3DEE5994-162B-457E-AADF-8E886F2281A8}.Release|Any CPU.ActiveCfg = Release|Any CPU
		{3DEE5994-162B-457E-AADF-8E886F2281A8}.Release|Any CPU.Build.0 = Release|Any CPU
		{04C32941-4E90-46EE-B5F3-3ECF4D9FF6C4}.Debug|Any CPU.ActiveCfg = Debug|Any CPU
		{04C32941-4E90-46EE-B5F3-3ECF4D9FF6C4}.Debug|Any CPU.Build.0 = Debug|Any CPU
		{04C32941-4E90-46EE-B5F3-3ECF4D9FF6C4}.Release|Any CPU.ActiveCfg = Release|Any CPU
		{04C32941-4E90-46EE-B5F3-3ECF4D9FF6C4}.Release|Any CPU.Build.0 = Release|Any CPU
		{E0AF4DE2-905D-41FF-8FE2-CB6E45C39814}.Debug|Any CPU.ActiveCfg = Debug|Any CPU
		{E0AF4DE2-905D-41FF-8FE2-CB6E45C39814}.Debug|Any CPU.Build.0 = Debug|Any CPU
		{E0AF4DE2-905D-41FF-8FE2-CB6E45C39814}.Release|Any CPU.ActiveCfg = Release|Any CPU
		{E0AF4DE2-905D-41FF-8FE2-CB6E45C39814}.Release|Any CPU.Build.0 = Release|Any CPU
		{803EDD03-A8D0-4490-907D-C85F7BEDB5AA}.Debug|Any CPU.ActiveCfg = Debug|Any CPU
		{803EDD03-A8D0-4490-907D-C85F7BEDB5AA}.Debug|Any CPU.Build.0 = Debug|Any CPU
		{803EDD03-A8D0-4490-907D-C85F7BEDB5AA}.Release|Any CPU.ActiveCfg = Release|Any CPU
		{803EDD03-A8D0-4490-907D-C85F7BEDB5AA}.Release|Any CPU.Build.0 = Release|Any CPU
		{F22E7C65-6BFD-4176-B516-7E4EE2CB28E7}.Debug|Any CPU.ActiveCfg = Debug|Any CPU
		{F22E7C65-6BFD-4176-B516-7E4EE2CB28E7}.Debug|Any CPU.Build.0 = Debug|Any CPU
		{F22E7C65-6BFD-4176-B516-7E4EE2CB28E7}.Release|Any CPU.ActiveCfg = Release|Any CPU
		{F22E7C65-6BFD-4176-B516-7E4EE2CB28E7}.Release|Any CPU.Build.0 = Release|Any CPU
		{1E7B18FE-6663-4BF5-8588-5EA7F848A50C}.Debug|Any CPU.ActiveCfg = Debug|Any CPU
		{1E7B18FE-6663-4BF5-8588-5EA7F848A50C}.Debug|Any CPU.Build.0 = Debug|Any CPU
		{1E7B18FE-6663-4BF5-8588-5EA7F848A50C}.Release|Any CPU.ActiveCfg = Release|Any CPU
		{1E7B18FE-6663-4BF5-8588-5EA7F848A50C}.Release|Any CPU.Build.0 = Release|Any CPU
		{6F735A98-696D-4442-A2C4-3EB044ACEBDD}.Debug|Any CPU.ActiveCfg = Debug|Any CPU
		{6F735A98-696D-4442-A2C4-3EB044ACEBDD}.Debug|Any CPU.Build.0 = Debug|Any CPU
		{6F735A98-696D-4442-A2C4-3EB044ACEBDD}.Release|Any CPU.ActiveCfg = Release|Any CPU
		{6F735A98-696D-4442-A2C4-3EB044ACEBDD}.Release|Any CPU.Build.0 = Release|Any CPU
		{7845965A-5B0E-4DA6-A5A7-D3A617EC9CBA}.Debug|Any CPU.ActiveCfg = Debug|Any CPU
		{7845965A-5B0E-4DA6-A5A7-D3A617EC9CBA}.Debug|Any CPU.Build.0 = Debug|Any CPU
		{7845965A-5B0E-4DA6-A5A7-D3A617EC9CBA}.Release|Any CPU.ActiveCfg = Release|Any CPU
		{7845965A-5B0E-4DA6-A5A7-D3A617EC9CBA}.Release|Any CPU.Build.0 = Release|Any CPU
		{4D111532-4016-45BE-B41E-4B5527ADED69}.Debug|Any CPU.ActiveCfg = Debug|Any CPU
		{4D111532-4016-45BE-B41E-4B5527ADED69}.Debug|Any CPU.Build.0 = Debug|Any CPU
		{4D111532-4016-45BE-B41E-4B5527ADED69}.Release|Any CPU.ActiveCfg = Release|Any CPU
		{4D111532-4016-45BE-B41E-4B5527ADED69}.Release|Any CPU.Build.0 = Release|Any CPU
		{BE4F68C4-7A2A-495A-966D-FC767AE528E5}.Debug|Any CPU.ActiveCfg = Debug|Any CPU
		{BE4F68C4-7A2A-495A-966D-FC767AE528E5}.Debug|Any CPU.Build.0 = Debug|Any CPU
		{BE4F68C4-7A2A-495A-966D-FC767AE528E5}.Release|Any CPU.ActiveCfg = Release|Any CPU
		{BE4F68C4-7A2A-495A-966D-FC767AE528E5}.Release|Any CPU.Build.0 = Release|Any CPU
		{9635BE79-8031-44A9-974B-C9E375AED559}.Debug|Any CPU.ActiveCfg = Debug|Any CPU
		{9635BE79-8031-44A9-974B-C9E375AED559}.Debug|Any CPU.Build.0 = Debug|Any CPU
		{9635BE79-8031-44A9-974B-C9E375AED559}.Release|Any CPU.ActiveCfg = Release|Any CPU
		{9635BE79-8031-44A9-974B-C9E375AED559}.Release|Any CPU.Build.0 = Release|Any CPU
		{C5D37723-6A67-40C0-880C-CF10B3E8A034}.Debug|Any CPU.ActiveCfg = Debug|Any CPU
		{C5D37723-6A67-40C0-880C-CF10B3E8A034}.Debug|Any CPU.Build.0 = Debug|Any CPU
		{C5D37723-6A67-40C0-880C-CF10B3E8A034}.Release|Any CPU.ActiveCfg = Release|Any CPU
		{C5D37723-6A67-40C0-880C-CF10B3E8A034}.Release|Any CPU.Build.0 = Release|Any CPU
		{7A4AF93C-34BF-4AB5-A052-673C0B42F66E}.Debug|Any CPU.ActiveCfg = Debug|Any CPU
		{7A4AF93C-34BF-4AB5-A052-673C0B42F66E}.Debug|Any CPU.Build.0 = Debug|Any CPU
		{7A4AF93C-34BF-4AB5-A052-673C0B42F66E}.Release|Any CPU.ActiveCfg = Release|Any CPU
		{7A4AF93C-34BF-4AB5-A052-673C0B42F66E}.Release|Any CPU.Build.0 = Release|Any CPU
		{D4637274-368B-4FD6-9955-CED79EF408C7}.Debug|Any CPU.ActiveCfg = Debug|Any CPU
		{D4637274-368B-4FD6-9955-CED79EF408C7}.Debug|Any CPU.Build.0 = Debug|Any CPU
		{D4637274-368B-4FD6-9955-CED79EF408C7}.Release|Any CPU.ActiveCfg = Release|Any CPU
		{D4637274-368B-4FD6-9955-CED79EF408C7}.Release|Any CPU.Build.0 = Release|Any CPU
		{D48F1EE1-069A-4AFA-B382-C0429A20371B}.Debug|Any CPU.ActiveCfg = Debug|Any CPU
		{D48F1EE1-069A-4AFA-B382-C0429A20371B}.Debug|Any CPU.Build.0 = Debug|Any CPU
		{D48F1EE1-069A-4AFA-B382-C0429A20371B}.Release|Any CPU.ActiveCfg = Release|Any CPU
		{D48F1EE1-069A-4AFA-B382-C0429A20371B}.Release|Any CPU.Build.0 = Release|Any CPU
		{473B2310-793A-431A-9D40-80BCB4E679D7}.Debug|Any CPU.ActiveCfg = Debug|Any CPU
		{473B2310-793A-431A-9D40-80BCB4E679D7}.Debug|Any CPU.Build.0 = Debug|Any CPU
		{473B2310-793A-431A-9D40-80BCB4E679D7}.Release|Any CPU.ActiveCfg = Release|Any CPU
		{473B2310-793A-431A-9D40-80BCB4E679D7}.Release|Any CPU.Build.0 = Release|Any CPU
		{FC1460A9-DCAA-4BC9-8F4A-966FA6E8345D}.Debug|Any CPU.ActiveCfg = Debug|Any CPU
		{FC1460A9-DCAA-4BC9-8F4A-966FA6E8345D}.Debug|Any CPU.Build.0 = Debug|Any CPU
		{FC1460A9-DCAA-4BC9-8F4A-966FA6E8345D}.Release|Any CPU.ActiveCfg = Release|Any CPU
		{FC1460A9-DCAA-4BC9-8F4A-966FA6E8345D}.Release|Any CPU.Build.0 = Release|Any CPU
		{B3A4AB59-457D-4C0C-A1FF-8B48690CE623}.Debug|Any CPU.ActiveCfg = Debug|Any CPU
		{B3A4AB59-457D-4C0C-A1FF-8B48690CE623}.Debug|Any CPU.Build.0 = Debug|Any CPU
		{B3A4AB59-457D-4C0C-A1FF-8B48690CE623}.Release|Any CPU.ActiveCfg = Release|Any CPU
		{B3A4AB59-457D-4C0C-A1FF-8B48690CE623}.Release|Any CPU.Build.0 = Release|Any CPU
		{654CD548-89D5-443C-AE9E-EFB27795524A}.Debug|Any CPU.ActiveCfg = Debug|Any CPU
		{654CD548-89D5-443C-AE9E-EFB27795524A}.Debug|Any CPU.Build.0 = Debug|Any CPU
		{654CD548-89D5-443C-AE9E-EFB27795524A}.Release|Any CPU.ActiveCfg = Release|Any CPU
		{654CD548-89D5-443C-AE9E-EFB27795524A}.Release|Any CPU.Build.0 = Release|Any CPU
		{CE5114DF-A725-4B16-8949-14B619262ED4}.Debug|Any CPU.ActiveCfg = Debug|Any CPU
		{CE5114DF-A725-4B16-8949-14B619262ED4}.Debug|Any CPU.Build.0 = Debug|Any CPU
		{CE5114DF-A725-4B16-8949-14B619262ED4}.Release|Any CPU.ActiveCfg = Release|Any CPU
		{CE5114DF-A725-4B16-8949-14B619262ED4}.Release|Any CPU.Build.0 = Release|Any CPU
		{EB943A13-41D6-4711-B02C-E3342C8467EA}.Debug|Any CPU.ActiveCfg = Debug|Any CPU
		{EB943A13-41D6-4711-B02C-E3342C8467EA}.Debug|Any CPU.Build.0 = Debug|Any CPU
		{EB943A13-41D6-4711-B02C-E3342C8467EA}.Release|Any CPU.ActiveCfg = Release|Any CPU
		{EB943A13-41D6-4711-B02C-E3342C8467EA}.Release|Any CPU.Build.0 = Release|Any CPU
		{95E832F2-D88A-402B-8F42-58C8D2AF0ACC}.Debug|Any CPU.ActiveCfg = Debug|Any CPU
		{95E832F2-D88A-402B-8F42-58C8D2AF0ACC}.Debug|Any CPU.Build.0 = Debug|Any CPU
		{95E832F2-D88A-402B-8F42-58C8D2AF0ACC}.Release|Any CPU.ActiveCfg = Release|Any CPU
		{95E832F2-D88A-402B-8F42-58C8D2AF0ACC}.Release|Any CPU.Build.0 = Release|Any CPU
		{60A9ED79-E661-4AD7-9700-A45D0A59EB10}.Debug|Any CPU.ActiveCfg = Debug|Any CPU
		{60A9ED79-E661-4AD7-9700-A45D0A59EB10}.Debug|Any CPU.Build.0 = Debug|Any CPU
		{60A9ED79-E661-4AD7-9700-A45D0A59EB10}.Release|Any CPU.ActiveCfg = Release|Any CPU
		{60A9ED79-E661-4AD7-9700-A45D0A59EB10}.Release|Any CPU.Build.0 = Release|Any CPU
		{1DA8B68F-8B9C-4F87-B47E-22DF8840474C}.Debug|Any CPU.ActiveCfg = Debug|Any CPU
		{1DA8B68F-8B9C-4F87-B47E-22DF8840474C}.Debug|Any CPU.Build.0 = Debug|Any CPU
		{1DA8B68F-8B9C-4F87-B47E-22DF8840474C}.Release|Any CPU.ActiveCfg = Release|Any CPU
		{1DA8B68F-8B9C-4F87-B47E-22DF8840474C}.Release|Any CPU.Build.0 = Release|Any CPU
		{1E3E036F-3D82-4A91-9E69-F14E20D61A02}.Debug|Any CPU.ActiveCfg = Debug|Any CPU
		{1E3E036F-3D82-4A91-9E69-F14E20D61A02}.Debug|Any CPU.Build.0 = Debug|Any CPU
		{1E3E036F-3D82-4A91-9E69-F14E20D61A02}.Release|Any CPU.ActiveCfg = Release|Any CPU
		{1E3E036F-3D82-4A91-9E69-F14E20D61A02}.Release|Any CPU.Build.0 = Release|Any CPU
	EndGlobalSection
	GlobalSection(SolutionProperties) = preSolution
		HideSolutionNode = FALSE
	EndGlobalSection
	GlobalSection(NestedProjects) = preSolution
		{849CE210-3266-460B-90D6-D9F76B010FAC} = {B8BA42D9-A2DF-40BF-B624-76408CEBE788}
		{6AFACD3F-3C84-43B7-A303-291B9A4FD4B3} = {9C72F87D-35AD-4FE5-ACAC-4EAF0D6AC5C3}
		{098D3510-3FDE-445E-B87A-26F761917AF0} = {9C72F87D-35AD-4FE5-ACAC-4EAF0D6AC5C3}
		{25F1EFCF-F849-455D-A677-AED1C9D73993} = {C753172D-09D4-4D1B-ADFE-A075747CD9E5}
		{0049E583-F796-4FA0-8F26-96AA91A646D0} = {C753172D-09D4-4D1B-ADFE-A075747CD9E5}
		{68405965-5778-4722-921F-75F21DEEEB1E} = {D8960C10-1940-4870-BD25-D52FA08F8CD5}
		{A780F1CD-030B-4FA6-994C-338CB88FCFE6} = {0371D577-E8A6-4684-BA2D-07C22896C94D}
		{E55148E9-40A3-4B27-889D-2E2BE2AA6C08} = {A780F1CD-030B-4FA6-994C-338CB88FCFE6}
		{AF7D78DE-1BC5-4CD5-B5C9-95FC48201D21} = {C753172D-09D4-4D1B-ADFE-A075747CD9E5}
		{75B9442D-6C9C-4953-B1AE-D804421E8235} = {C753172D-09D4-4D1B-ADFE-A075747CD9E5}
		{E9562C16-5F73-4391-A370-A509F49DD8FB} = {C753172D-09D4-4D1B-ADFE-A075747CD9E5}
		{D0BC474E-35E2-4B7A-9CCD-C3C94B1D9C3F} = {8795CAB4-464F-4F55-B105-F60A83F41B1F}
		{C530B43D-6CAF-46B6-84E6-207DE2413E7B} = {8795CAB4-464F-4F55-B105-F60A83F41B1F}
		{1B51D152-FB4F-460F-B511-BB35F4728072} = {8795CAB4-464F-4F55-B105-F60A83F41B1F}
		{4050483C-4DC4-48FB-A0CB-91DA8548B01B} = {8795CAB4-464F-4F55-B105-F60A83F41B1F}
		{A17F5499-8F2B-48C7-8CA7-2ACECD841D7D} = {5D1C8C3F-55E4-4FC5-83C9-1B257EC2100A}
		{1A86D9EA-6484-45C5-AE04-71B0888E8940} = {9C72F87D-35AD-4FE5-ACAC-4EAF0D6AC5C3}
		{380DD2AD-A3C7-425A-97AF-CA6E1484205D} = {1A86D9EA-6484-45C5-AE04-71B0888E8940}
		{EF87FF22-EDD5-455F-A479-4685FB75E330} = {ECB762BC-66E3-499E-BEA0-4CBB25BBC11A}
		{ECB762BC-66E3-499E-BEA0-4CBB25BBC11A} = {9C72F87D-35AD-4FE5-ACAC-4EAF0D6AC5C3}
		{E46278F5-5016-40A6-A186-D3BD49B8301F} = {098D3510-3FDE-445E-B87A-26F761917AF0}
		{A4EEE44E-17C7-4DD9-9104-C06B94C8B779} = {6AFACD3F-3C84-43B7-A303-291B9A4FD4B3}
		{14F4053D-4611-437F-98BF-110201F192F1} = {5D1C8C3F-55E4-4FC5-83C9-1B257EC2100A}
		{80A8841E-9C73-4B64-91B8-FFC847802BE8} = {9C72F87D-35AD-4FE5-ACAC-4EAF0D6AC5C3}
		{BEB494BD-B568-4660-AC53-ADAC14C4E365} = {80A8841E-9C73-4B64-91B8-FFC847802BE8}
		{AB57D6D6-420F-4684-BF92-83141F4845A1} = {25F1EFCF-F849-455D-A677-AED1C9D73993}
		{D1FF82A2-A416-497D-9581-C6A9FD01F49A} = {75B9442D-6C9C-4953-B1AE-D804421E8235}
		{A30EF1AC-A1F5-462A-9149-63E02152488E} = {0049E583-F796-4FA0-8F26-96AA91A646D0}
		{C80378A2-34E4-4252-8B1A-55FC15178A24} = {0049E583-F796-4FA0-8F26-96AA91A646D0}
		{FAA4CD55-E26F-43FE-B547-993ED5290991} = {AF7D78DE-1BC5-4CD5-B5C9-95FC48201D21}
		{DB701F72-8EE9-4F86-A7C4-730A71859527} = {C753172D-09D4-4D1B-ADFE-A075747CD9E5}
		{3DEE5994-162B-457E-AADF-8E886F2281A8} = {DB701F72-8EE9-4F86-A7C4-730A71859527}
		{04C32941-4E90-46EE-B5F3-3ECF4D9FF6C4} = {E9562C16-5F73-4391-A370-A509F49DD8FB}
		{E0AF4DE2-905D-41FF-8FE2-CB6E45C39814} = {C530B43D-6CAF-46B6-84E6-207DE2413E7B}
		{803EDD03-A8D0-4490-907D-C85F7BEDB5AA} = {4050483C-4DC4-48FB-A0CB-91DA8548B01B}
		{F22E7C65-6BFD-4176-B516-7E4EE2CB28E7} = {4050483C-4DC4-48FB-A0CB-91DA8548B01B}
		{1E7B18FE-6663-4BF5-8588-5EA7F848A50C} = {1B51D152-FB4F-460F-B511-BB35F4728072}
		{6F735A98-696D-4442-A2C4-3EB044ACEBDD} = {D0BC474E-35E2-4B7A-9CCD-C3C94B1D9C3F}
		{6B92C342-3389-487E-9A23-1E57023AE628} = {D8960C10-1940-4870-BD25-D52FA08F8CD5}
		{7845965A-5B0E-4DA6-A5A7-D3A617EC9CBA} = {6B92C342-3389-487E-9A23-1E57023AE628}
		{07BE5784-6B49-4A44-A899-24F1E89BBBAD} = {D8960C10-1940-4870-BD25-D52FA08F8CD5}
		{4D111532-4016-45BE-B41E-4B5527ADED69} = {07BE5784-6B49-4A44-A899-24F1E89BBBAD}
		{6D73E8B8-B0D2-4EBF-8575-F2F4562458BC} = {D8960C10-1940-4870-BD25-D52FA08F8CD5}
		{BE4F68C4-7A2A-495A-966D-FC767AE528E5} = {6D73E8B8-B0D2-4EBF-8575-F2F4562458BC}
		{9635BE79-8031-44A9-974B-C9E375AED559} = {68405965-5778-4722-921F-75F21DEEEB1E}
		{C5D37723-6A67-40C0-880C-CF10B3E8A034} = {68405965-5778-4722-921F-75F21DEEEB1E}
		{8A3CEEEF-7BBE-40BB-99A5-B48D08566FE3} = {D8960C10-1940-4870-BD25-D52FA08F8CD5}
		{7A4AF93C-34BF-4AB5-A052-673C0B42F66E} = {8A3CEEEF-7BBE-40BB-99A5-B48D08566FE3}
		{DFF1B197-1360-49F7-91B8-05786781089F} = {9C72F87D-35AD-4FE5-ACAC-4EAF0D6AC5C3}
		{D4637274-368B-4FD6-9955-CED79EF408C7} = {DFF1B197-1360-49F7-91B8-05786781089F}
		{D48F1EE1-069A-4AFA-B382-C0429A20371B} = {DFF1B197-1360-49F7-91B8-05786781089F}
		{AECF6F3A-7601-44A3-9679-CB87340AC341} = {D8960C10-1940-4870-BD25-D52FA08F8CD5}
		{473B2310-793A-431A-9D40-80BCB4E679D7} = {AECF6F3A-7601-44A3-9679-CB87340AC341}
		{424AB793-4FA6-4119-9E4C-CEFF99438512} = {8795CAB4-464F-4F55-B105-F60A83F41B1F}
		{FC1460A9-DCAA-4BC9-8F4A-966FA6E8345D} = {424AB793-4FA6-4119-9E4C-CEFF99438512}
		{E1243763-143C-4510-96FD-1B742919E182} = {C82F4559-2CFF-483D-AE25-257CECBD3306}
		{B3A4AB59-457D-4C0C-A1FF-8B48690CE623} = {E1243763-143C-4510-96FD-1B742919E182}
		{0749419F-10A3-4613-B37E-F845AE81B08C} = {C82F4559-2CFF-483D-AE25-257CECBD3306}
		{654CD548-89D5-443C-AE9E-EFB27795524A} = {0749419F-10A3-4613-B37E-F845AE81B08C}
		{CE5114DF-A725-4B16-8949-14B619262ED4} = {0749419F-10A3-4613-B37E-F845AE81B08C}
		{D21B32BF-3F1D-4138-AC16-30EF34E8FBB7} = {C82F4559-2CFF-483D-AE25-257CECBD3306}
		{EB943A13-41D6-4711-B02C-E3342C8467EA} = {D21B32BF-3F1D-4138-AC16-30EF34E8FBB7}
		{0A669411-9887-461B-8CA8-DB276F302092} = {C82F4559-2CFF-483D-AE25-257CECBD3306}
		{95E832F2-D88A-402B-8F42-58C8D2AF0ACC} = {0A669411-9887-461B-8CA8-DB276F302092}
		{A198D219-6338-4082-8D8E-7481C5955388} = {C82F4559-2CFF-483D-AE25-257CECBD3306}
		{60A9ED79-E661-4AD7-9700-A45D0A59EB10} = {A198D219-6338-4082-8D8E-7481C5955388}
		{63CB771F-958A-49DA-992B-1B4B42C50928} = {8795CAB4-464F-4F55-B105-F60A83F41B1F}
		{1DA8B68F-8B9C-4F87-B47E-22DF8840474C} = {63CB771F-958A-49DA-992B-1B4B42C50928}
		{1E3E036F-3D82-4A91-9E69-F14E20D61A02} = {A198D219-6338-4082-8D8E-7481C5955388}
	EndGlobalSection
	GlobalSection(ExtensibilityGlobals) = postSolution
		SolutionGuid = {0008387A-8AA6-4E4B-B5C3-B21FC7486A92}
	EndGlobalSection
EndGlobal
